// !$*UTF8*$!
{
	archiveVersion = 1;
	classes = {
	};
	objectVersion = 55;
	objects = {

/* Begin PBXBuildFile section */
		66AFEAAD274A64B0008E0B4D /* FavoriteButton.swift in Sources */ = {isa = PBXBuildFile; fileRef = 66AFEAAC274A64B0008E0B4D /* FavoriteButton.swift */; };
		66AFEAAE274A64B0008E0B4D /* FavoriteButton.swift in Sources */ = {isa = PBXBuildFile; fileRef = 66AFEAAC274A64B0008E0B4D /* FavoriteButton.swift */; };
		66E85BF62746310C00DD3059 /* LandmarkRow.swift in Sources */ = {isa = PBXBuildFile; fileRef = 66E85BF52746310C00DD3059 /* LandmarkRow.swift */; };
		66E85BF72746310C00DD3059 /* LandmarkRow.swift in Sources */ = {isa = PBXBuildFile; fileRef = 66E85BF52746310C00DD3059 /* LandmarkRow.swift */; };
		66E85BF92746320900DD3059 /* landmarkData.json in Resources */ = {isa = PBXBuildFile; fileRef = 66E85BF82746320900DD3059 /* landmarkData.json */; };
		66E85BFA2746320900DD3059 /* landmarkData.json in Resources */ = {isa = PBXBuildFile; fileRef = 66E85BF82746320900DD3059 /* landmarkData.json */; };
		66E85BFF274669AC00DD3059 /* Landmark.swift in Sources */ = {isa = PBXBuildFile; fileRef = 66E85BFE274669AC00DD3059 /* Landmark.swift */; };
		66E85C00274669AC00DD3059 /* Landmark.swift in Sources */ = {isa = PBXBuildFile; fileRef = 66E85BFE274669AC00DD3059 /* Landmark.swift */; };
		66E85C0227467C4200DD3059 /* LandmarkList.swift in Sources */ = {isa = PBXBuildFile; fileRef = 66E85C0127467C4200DD3059 /* LandmarkList.swift */; };
		66E85C0327467C4200DD3059 /* LandmarkList.swift in Sources */ = {isa = PBXBuildFile; fileRef = 66E85C0127467C4200DD3059 /* LandmarkList.swift */; };
		66E85C0527467D7A00DD3059 /* LandmarkDetail.swift in Sources */ = {isa = PBXBuildFile; fileRef = 66E85C0427467D7A00DD3059 /* LandmarkDetail.swift */; };
		66E85C0627467D7A00DD3059 /* LandmarkDetail.swift in Sources */ = {isa = PBXBuildFile; fileRef = 66E85C0427467D7A00DD3059 /* LandmarkDetail.swift */; };
		66E94D8227460D0200585C8E /* Tests_iOS.swift in Sources */ = {isa = PBXBuildFile; fileRef = 66E94D8127460D0200585C8E /* Tests_iOS.swift */; };
		66E94D8427460D0200585C8E /* Tests_iOSLaunchTests.swift in Sources */ = {isa = PBXBuildFile; fileRef = 66E94D8327460D0200585C8E /* Tests_iOSLaunchTests.swift */; };
		66E94D8E27460D0200585C8E /* Tests_macOS.swift in Sources */ = {isa = PBXBuildFile; fileRef = 66E94D8D27460D0200585C8E /* Tests_macOS.swift */; };
		66E94D9027460D0200585C8E /* Tests_macOSLaunchTests.swift in Sources */ = {isa = PBXBuildFile; fileRef = 66E94D8F27460D0200585C8E /* Tests_macOSLaunchTests.swift */; };
		66E94D9127460D0200585C8E /* TutorialApp.swift in Sources */ = {isa = PBXBuildFile; fileRef = 66E94D6927460D0000585C8E /* TutorialApp.swift */; };
		66E94D9227460D0200585C8E /* TutorialApp.swift in Sources */ = {isa = PBXBuildFile; fileRef = 66E94D6927460D0000585C8E /* TutorialApp.swift */; };
		66E94D9327460D0200585C8E /* ContentView.swift in Sources */ = {isa = PBXBuildFile; fileRef = 66E94D6A27460D0000585C8E /* ContentView.swift */; };
		66E94D9427460D0200585C8E /* ContentView.swift in Sources */ = {isa = PBXBuildFile; fileRef = 66E94D6A27460D0000585C8E /* ContentView.swift */; };
		66E94D9527460D0200585C8E /* Assets.xcassets in Resources */ = {isa = PBXBuildFile; fileRef = 66E94D6B27460D0200585C8E /* Assets.xcassets */; };
		66E94D9627460D0200585C8E /* Assets.xcassets in Resources */ = {isa = PBXBuildFile; fileRef = 66E94D6B27460D0200585C8E /* Assets.xcassets */; };
		66E94DA62746115100585C8E /* CircleImage.swift in Sources */ = {isa = PBXBuildFile; fileRef = 66E94DA52746115100585C8E /* CircleImage.swift */; };
		66E94DA72746115100585C8E /* CircleImage.swift in Sources */ = {isa = PBXBuildFile; fileRef = 66E94DA52746115100585C8E /* CircleImage.swift */; };
		66E94DA9274613AC00585C8E /* MapView.swift in Sources */ = {isa = PBXBuildFile; fileRef = 66E94DA8274613AC00585C8E /* MapView.swift */; };
		66E94DAA274613AC00585C8E /* MapView.swift in Sources */ = {isa = PBXBuildFile; fileRef = 66E94DA8274613AC00585C8E /* MapView.swift */; };
		66E94DB527462C8800585C8E /* ModelData.swift in Sources */ = {isa = PBXBuildFile; fileRef = 66E94DB427462C8800585C8E /* ModelData.swift */; };
		66E94DB627462C8800585C8E /* ModelData.swift in Sources */ = {isa = PBXBuildFile; fileRef = 66E94DB427462C8800585C8E /* ModelData.swift */; };
/* End PBXBuildFile section */

/* Begin PBXContainerItemProxy section */
		66E94D7E27460D0200585C8E /* PBXContainerItemProxy */ = {
			isa = PBXContainerItemProxy;
			containerPortal = 66E94D6427460CFF00585C8E /* Project object */;
			proxyType = 1;
			remoteGlobalIDString = 66E94D6F27460D0200585C8E;
			remoteInfo = "TutorialApp (iOS)";
		};
		66E94D8A27460D0200585C8E /* PBXContainerItemProxy */ = {
			isa = PBXContainerItemProxy;
			containerPortal = 66E94D6427460CFF00585C8E /* Project object */;
			proxyType = 1;
			remoteGlobalIDString = 66E94D7527460D0200585C8E;
			remoteInfo = "TutorialApp (macOS)";
		};
/* End PBXContainerItemProxy section */

/* Begin PBXFileReference section */
		66AFEAAC274A64B0008E0B4D /* FavoriteButton.swift */ = {isa = PBXFileReference; lastKnownFileType = sourcecode.swift; path = FavoriteButton.swift; sourceTree = "<group>"; };
		66E85BF52746310C00DD3059 /* LandmarkRow.swift */ = {isa = PBXFileReference; lastKnownFileType = sourcecode.swift; path = LandmarkRow.swift; sourceTree = "<group>"; };
		66E85BF82746320900DD3059 /* landmarkData.json */ = {isa = PBXFileReference; fileEncoding = 4; lastKnownFileType = text.json; path = landmarkData.json; sourceTree = "<group>"; };
		66E85BFE274669AC00DD3059 /* Landmark.swift */ = {isa = PBXFileReference; lastKnownFileType = sourcecode.swift; path = Landmark.swift; sourceTree = "<group>"; };
		66E85C0127467C4200DD3059 /* LandmarkList.swift */ = {isa = PBXFileReference; lastKnownFileType = sourcecode.swift; path = LandmarkList.swift; sourceTree = "<group>"; };
		66E85C0427467D7A00DD3059 /* LandmarkDetail.swift */ = {isa = PBXFileReference; lastKnownFileType = sourcecode.swift; path = LandmarkDetail.swift; sourceTree = "<group>"; };
		66E94D6927460D0000585C8E /* TutorialApp.swift */ = {isa = PBXFileReference; lastKnownFileType = sourcecode.swift; path = TutorialApp.swift; sourceTree = "<group>"; };
		66E94D6A27460D0000585C8E /* ContentView.swift */ = {isa = PBXFileReference; lastKnownFileType = sourcecode.swift; path = ContentView.swift; sourceTree = "<group>"; };
		66E94D6B27460D0200585C8E /* Assets.xcassets */ = {isa = PBXFileReference; lastKnownFileType = folder.assetcatalog; path = Assets.xcassets; sourceTree = "<group>"; };
		66E94D7027460D0200585C8E /* TutorialApp.app */ = {isa = PBXFileReference; explicitFileType = wrapper.application; includeInIndex = 0; path = TutorialApp.app; sourceTree = BUILT_PRODUCTS_DIR; };
		66E94D7627460D0200585C8E /* TutorialApp.app */ = {isa = PBXFileReference; explicitFileType = wrapper.application; includeInIndex = 0; path = TutorialApp.app; sourceTree = BUILT_PRODUCTS_DIR; };
		66E94D7827460D0200585C8E /* macOS.entitlements */ = {isa = PBXFileReference; lastKnownFileType = text.plist.entitlements; path = macOS.entitlements; sourceTree = "<group>"; };
		66E94D7D27460D0200585C8E /* Tests iOS.xctest */ = {isa = PBXFileReference; explicitFileType = wrapper.cfbundle; includeInIndex = 0; path = "Tests iOS.xctest"; sourceTree = BUILT_PRODUCTS_DIR; };
		66E94D8127460D0200585C8E /* Tests_iOS.swift */ = {isa = PBXFileReference; lastKnownFileType = sourcecode.swift; path = Tests_iOS.swift; sourceTree = "<group>"; };
		66E94D8327460D0200585C8E /* Tests_iOSLaunchTests.swift */ = {isa = PBXFileReference; lastKnownFileType = sourcecode.swift; path = Tests_iOSLaunchTests.swift; sourceTree = "<group>"; };
		66E94D8927460D0200585C8E /* Tests macOS.xctest */ = {isa = PBXFileReference; explicitFileType = wrapper.cfbundle; includeInIndex = 0; path = "Tests macOS.xctest"; sourceTree = BUILT_PRODUCTS_DIR; };
		66E94D8D27460D0200585C8E /* Tests_macOS.swift */ = {isa = PBXFileReference; lastKnownFileType = sourcecode.swift; path = Tests_macOS.swift; sourceTree = "<group>"; };
		66E94D8F27460D0200585C8E /* Tests_macOSLaunchTests.swift */ = {isa = PBXFileReference; lastKnownFileType = sourcecode.swift; path = Tests_macOSLaunchTests.swift; sourceTree = "<group>"; };
		66E94DA52746115100585C8E /* CircleImage.swift */ = {isa = PBXFileReference; lastKnownFileType = sourcecode.swift; path = CircleImage.swift; sourceTree = "<group>"; };
		66E94DA8274613AC00585C8E /* MapView.swift */ = {isa = PBXFileReference; lastKnownFileType = sourcecode.swift; path = MapView.swift; sourceTree = "<group>"; };
		66E94DB427462C8800585C8E /* ModelData.swift */ = {isa = PBXFileReference; lastKnownFileType = sourcecode.swift; path = ModelData.swift; sourceTree = "<group>"; };
/* End PBXFileReference section */

/* Begin PBXFrameworksBuildPhase section */
		66E94D6D27460D0200585C8E /* Frameworks */ = {
			isa = PBXFrameworksBuildPhase;
			buildActionMask = 2147483647;
			files = (
			);
			runOnlyForDeploymentPostprocessing = 0;
		};
		66E94D7327460D0200585C8E /* Frameworks */ = {
			isa = PBXFrameworksBuildPhase;
			buildActionMask = 2147483647;
			files = (
			);
			runOnlyForDeploymentPostprocessing = 0;
		};
		66E94D7A27460D0200585C8E /* Frameworks */ = {
			isa = PBXFrameworksBuildPhase;
			buildActionMask = 2147483647;
			files = (
			);
			runOnlyForDeploymentPostprocessing = 0;
		};
		66E94D8627460D0200585C8E /* Frameworks */ = {
			isa = PBXFrameworksBuildPhase;
			buildActionMask = 2147483647;
			files = (
			);
			runOnlyForDeploymentPostprocessing = 0;
		};
/* End PBXFrameworksBuildPhase section */

/* Begin PBXGroup section */
		66AFEAAF274A68F6008E0B4D /* Helpers */ = {
			isa = PBXGroup;
			children = (
				66AFEAAC274A64B0008E0B4D /* FavoriteButton.swift */,
				66E94DA52746115100585C8E /* CircleImage.swift */,
				66E94DA8274613AC00585C8E /* MapView.swift */,
			);
			path = Helpers;
			sourceTree = "<group>";
		};
		66AFEAB0274A6911008E0B4D /* Landmarks */ = {
			isa = PBXGroup;
			children = (
				66E85BF52746310C00DD3059 /* LandmarkRow.swift */,
				66E85C0127467C4200DD3059 /* LandmarkList.swift */,
				66E85C0427467D7A00DD3059 /* LandmarkDetail.swift */,
			);
			path = Landmarks;
			sourceTree = "<group>";
		};
		66E94D6327460CFF00585C8E = {
			isa = PBXGroup;
			children = (
				66E94D6827460D0000585C8E /* Shared */,
				66E94D7727460D0200585C8E /* macOS */,
				66E94D8027460D0200585C8E /* Tests iOS */,
				66E94D8C27460D0200585C8E /* Tests macOS */,
				66E94D7127460D0200585C8E /* Products */,
			);
			sourceTree = "<group>";
		};
		66E94D6827460D0000585C8E /* Shared */ = {
			isa = PBXGroup;
			children = (
				66E94DB927462D2100585C8E /* Views */,
				66E94DB827462D0600585C8E /* Resources */,
				66E94DB727462CCD00585C8E /* Model */,
				66E94D6927460D0000585C8E /* TutorialApp.swift */,
				66E94D6B27460D0200585C8E /* Assets.xcassets */,
			);
			path = Shared;
			sourceTree = "<group>";
		};
		66E94D7127460D0200585C8E /* Products */ = {
			isa = PBXGroup;
			children = (
				66E94D7027460D0200585C8E /* TutorialApp.app */,
				66E94D7627460D0200585C8E /* TutorialApp.app */,
				66E94D7D27460D0200585C8E /* Tests iOS.xctest */,
				66E94D8927460D0200585C8E /* Tests macOS.xctest */,
			);
			name = Products;
			sourceTree = "<group>";
		};
		66E94D7727460D0200585C8E /* macOS */ = {
			isa = PBXGroup;
			children = (
				66E94D7827460D0200585C8E /* macOS.entitlements */,
			);
			path = macOS;
			sourceTree = "<group>";
		};
		66E94D8027460D0200585C8E /* Tests iOS */ = {
			isa = PBXGroup;
			children = (
				66E94D8127460D0200585C8E /* Tests_iOS.swift */,
				66E94D8327460D0200585C8E /* Tests_iOSLaunchTests.swift */,
			);
			path = "Tests iOS";
			sourceTree = "<group>";
		};
		66E94D8C27460D0200585C8E /* Tests macOS */ = {
			isa = PBXGroup;
			children = (
				66E94D8D27460D0200585C8E /* Tests_macOS.swift */,
				66E94D8F27460D0200585C8E /* Tests_macOSLaunchTests.swift */,
			);
			path = "Tests macOS";
			sourceTree = "<group>";
		};
		66E94DB727462CCD00585C8E /* Model */ = {
			isa = PBXGroup;
			children = (
				66E94DB427462C8800585C8E /* ModelData.swift */,
				66E85BFE274669AC00DD3059 /* Landmark.swift */,
			);
			path = Model;
			sourceTree = "<group>";
		};
		66E94DB827462D0600585C8E /* Resources */ = {
			isa = PBXGroup;
			children = (
				66E85BF82746320900DD3059 /* landmarkData.json */,
			);
			path = Resources;
			sourceTree = "<group>";
		};
		66E94DB927462D2100585C8E /* Views */ = {
			isa = PBXGroup;
			children = (
				66AFEAB0274A6911008E0B4D /* Landmarks */,
				66AFEAAF274A68F6008E0B4D /* Helpers */,
				66E94D6A27460D0000585C8E /* ContentView.swift */,
			);
			path = Views;
			sourceTree = "<group>";
		};
/* End PBXGroup section */

/* Begin PBXNativeTarget section */
		66E94D6F27460D0200585C8E /* TutorialApp (iOS) */ = {
			isa = PBXNativeTarget;
			buildConfigurationList = 66E94D9927460D0200585C8E /* Build configuration list for PBXNativeTarget "TutorialApp (iOS)" */;
			buildPhases = (
				66E94D6C27460D0200585C8E /* Sources */,
				66E94D6D27460D0200585C8E /* Frameworks */,
				66E94D6E27460D0200585C8E /* Resources */,
			);
			buildRules = (
			);
			dependencies = (
			);
			name = "TutorialApp (iOS)";
			productName = "TutorialApp (iOS)";
			productReference = 66E94D7027460D0200585C8E /* TutorialApp.app */;
			productType = "com.apple.product-type.application";
		};
		66E94D7527460D0200585C8E /* TutorialApp (macOS) */ = {
			isa = PBXNativeTarget;
			buildConfigurationList = 66E94D9C27460D0200585C8E /* Build configuration list for PBXNativeTarget "TutorialApp (macOS)" */;
			buildPhases = (
				66E94D7227460D0200585C8E /* Sources */,
				66E94D7327460D0200585C8E /* Frameworks */,
				66E94D7427460D0200585C8E /* Resources */,
			);
			buildRules = (
			);
			dependencies = (
			);
			name = "TutorialApp (macOS)";
			productName = "TutorialApp (macOS)";
			productReference = 66E94D7627460D0200585C8E /* TutorialApp.app */;
			productType = "com.apple.product-type.application";
		};
		66E94D7C27460D0200585C8E /* Tests iOS */ = {
			isa = PBXNativeTarget;
			buildConfigurationList = 66E94D9F27460D0200585C8E /* Build configuration list for PBXNativeTarget "Tests iOS" */;
			buildPhases = (
				66E94D7927460D0200585C8E /* Sources */,
				66E94D7A27460D0200585C8E /* Frameworks */,
				66E94D7B27460D0200585C8E /* Resources */,
			);
			buildRules = (
			);
			dependencies = (
				66E94D7F27460D0200585C8E /* PBXTargetDependency */,
			);
			name = "Tests iOS";
			productName = "Tests iOS";
			productReference = 66E94D7D27460D0200585C8E /* Tests iOS.xctest */;
			productType = "com.apple.product-type.bundle.ui-testing";
		};
		66E94D8827460D0200585C8E /* Tests macOS */ = {
			isa = PBXNativeTarget;
			buildConfigurationList = 66E94DA227460D0200585C8E /* Build configuration list for PBXNativeTarget "Tests macOS" */;
			buildPhases = (
				66E94D8527460D0200585C8E /* Sources */,
				66E94D8627460D0200585C8E /* Frameworks */,
				66E94D8727460D0200585C8E /* Resources */,
			);
			buildRules = (
			);
			dependencies = (
				66E94D8B27460D0200585C8E /* PBXTargetDependency */,
			);
			name = "Tests macOS";
			productName = "Tests macOS";
			productReference = 66E94D8927460D0200585C8E /* Tests macOS.xctest */;
			productType = "com.apple.product-type.bundle.ui-testing";
		};
/* End PBXNativeTarget section */

/* Begin PBXProject section */
		66E94D6427460CFF00585C8E /* Project object */ = {
			isa = PBXProject;
			attributes = {
				BuildIndependentTargetsInParallel = 1;
				LastSwiftUpdateCheck = 1310;
				LastUpgradeCheck = 1310;
				TargetAttributes = {
					66E94D6F27460D0200585C8E = {
						CreatedOnToolsVersion = 13.1;
					};
					66E94D7527460D0200585C8E = {
						CreatedOnToolsVersion = 13.1;
					};
					66E94D7C27460D0200585C8E = {
						CreatedOnToolsVersion = 13.1;
						TestTargetID = 66E94D6F27460D0200585C8E;
					};
					66E94D8827460D0200585C8E = {
						CreatedOnToolsVersion = 13.1;
						TestTargetID = 66E94D7527460D0200585C8E;
					};
				};
			};
			buildConfigurationList = 66E94D6727460CFF00585C8E /* Build configuration list for PBXProject "TutorialApp" */;
			compatibilityVersion = "Xcode 13.0";
			developmentRegion = en;
			hasScannedForEncodings = 0;
			knownRegions = (
				en,
				Base,
			);
			mainGroup = 66E94D6327460CFF00585C8E;
			productRefGroup = 66E94D7127460D0200585C8E /* Products */;
			projectDirPath = "";
			projectRoot = "";
			targets = (
				66E94D6F27460D0200585C8E /* TutorialApp (iOS) */,
				66E94D7527460D0200585C8E /* TutorialApp (macOS) */,
				66E94D7C27460D0200585C8E /* Tests iOS */,
				66E94D8827460D0200585C8E /* Tests macOS */,
			);
		};
/* End PBXProject section */

/* Begin PBXResourcesBuildPhase section */
		66E94D6E27460D0200585C8E /* Resources */ = {
			isa = PBXResourcesBuildPhase;
			buildActionMask = 2147483647;
			files = (
				66E94D9527460D0200585C8E /* Assets.xcassets in Resources */,
				66E85BF92746320900DD3059 /* landmarkData.json in Resources */,
			);
			runOnlyForDeploymentPostprocessing = 0;
		};
		66E94D7427460D0200585C8E /* Resources */ = {
			isa = PBXResourcesBuildPhase;
			buildActionMask = 2147483647;
			files = (
				66E94D9627460D0200585C8E /* Assets.xcassets in Resources */,
				66E85BFA2746320900DD3059 /* landmarkData.json in Resources */,
			);
			runOnlyForDeploymentPostprocessing = 0;
		};
		66E94D7B27460D0200585C8E /* Resources */ = {
			isa = PBXResourcesBuildPhase;
			buildActionMask = 2147483647;
			files = (
			);
			runOnlyForDeploymentPostprocessing = 0;
		};
		66E94D8727460D0200585C8E /* Resources */ = {
			isa = PBXResourcesBuildPhase;
			buildActionMask = 2147483647;
			files = (
			);
			runOnlyForDeploymentPostprocessing = 0;
		};
/* End PBXResourcesBuildPhase section */

/* Begin PBXSourcesBuildPhase section */
		66E94D6C27460D0200585C8E /* Sources */ = {
			isa = PBXSourcesBuildPhase;
			buildActionMask = 2147483647;
			files = (
				66E85BFF274669AC00DD3059 /* Landmark.swift in Sources */,
				66E94D9327460D0200585C8E /* ContentView.swift in Sources */,
				66E94DA9274613AC00585C8E /* MapView.swift in Sources */,
				66AFEAAD274A64B0008E0B4D /* FavoriteButton.swift in Sources */,
				66E85C0227467C4200DD3059 /* LandmarkList.swift in Sources */,
				66E85C0527467D7A00DD3059 /* LandmarkDetail.swift in Sources */,
				66E94D9127460D0200585C8E /* TutorialApp.swift in Sources */,
				66E94DA62746115100585C8E /* CircleImage.swift in Sources */,
				66E85BF62746310C00DD3059 /* LandmarkRow.swift in Sources */,
				66E94DB527462C8800585C8E /* ModelData.swift in Sources */,
			);
			runOnlyForDeploymentPostprocessing = 0;
		};
		66E94D7227460D0200585C8E /* Sources */ = {
			isa = PBXSourcesBuildPhase;
			buildActionMask = 2147483647;
			files = (
				66E85C00274669AC00DD3059 /* Landmark.swift in Sources */,
				66E94D9427460D0200585C8E /* ContentView.swift in Sources */,
				66E94DAA274613AC00585C8E /* MapView.swift in Sources */,
				66AFEAAE274A64B0008E0B4D /* FavoriteButton.swift in Sources */,
				66E85C0327467C4200DD3059 /* LandmarkList.swift in Sources */,
				66E85C0627467D7A00DD3059 /* LandmarkDetail.swift in Sources */,
				66E94D9227460D0200585C8E /* TutorialApp.swift in Sources */,
				66E94DA72746115100585C8E /* CircleImage.swift in Sources */,
				66E85BF72746310C00DD3059 /* LandmarkRow.swift in Sources */,
				66E94DB627462C8800585C8E /* ModelData.swift in Sources */,
			);
			runOnlyForDeploymentPostprocessing = 0;
		};
		66E94D7927460D0200585C8E /* Sources */ = {
			isa = PBXSourcesBuildPhase;
			buildActionMask = 2147483647;
			files = (
				66E94D8427460D0200585C8E /* Tests_iOSLaunchTests.swift in Sources */,
				66E94D8227460D0200585C8E /* Tests_iOS.swift in Sources */,
			);
			runOnlyForDeploymentPostprocessing = 0;
		};
		66E94D8527460D0200585C8E /* Sources */ = {
			isa = PBXSourcesBuildPhase;
			buildActionMask = 2147483647;
			files = (
				66E94D9027460D0200585C8E /* Tests_macOSLaunchTests.swift in Sources */,
				66E94D8E27460D0200585C8E /* Tests_macOS.swift in Sources */,
			);
			runOnlyForDeploymentPostprocessing = 0;
		};
/* End PBXSourcesBuildPhase section */

/* Begin PBXTargetDependency section */
		66E94D7F27460D0200585C8E /* PBXTargetDependency */ = {
			isa = PBXTargetDependency;
			target = 66E94D6F27460D0200585C8E /* TutorialApp (iOS) */;
			targetProxy = 66E94D7E27460D0200585C8E /* PBXContainerItemProxy */;
		};
		66E94D8B27460D0200585C8E /* PBXTargetDependency */ = {
			isa = PBXTargetDependency;
			target = 66E94D7527460D0200585C8E /* TutorialApp (macOS) */;
			targetProxy = 66E94D8A27460D0200585C8E /* PBXContainerItemProxy */;
		};
/* End PBXTargetDependency section */

/* Begin XCBuildConfiguration section */
		66E94D9727460D0200585C8E /* Debug */ = {
			isa = XCBuildConfiguration;
			buildSettings = {
				ALWAYS_SEARCH_USER_PATHS = NO;
				CLANG_ANALYZER_NONNULL = YES;
				CLANG_ANALYZER_NUMBER_OBJECT_CONVERSION = YES_AGGRESSIVE;
				CLANG_CXX_LANGUAGE_STANDARD = "gnu++17";
				CLANG_CXX_LIBRARY = "libc++";
				CLANG_ENABLE_MODULES = YES;
				CLANG_ENABLE_OBJC_ARC = YES;
				CLANG_ENABLE_OBJC_WEAK = YES;
				CLANG_WARN_BLOCK_CAPTURE_AUTORELEASING = YES;
				CLANG_WARN_BOOL_CONVERSION = YES;
				CLANG_WARN_COMMA = YES;
				CLANG_WARN_CONSTANT_CONVERSION = YES;
				CLANG_WARN_DEPRECATED_OBJC_IMPLEMENTATIONS = YES;
				CLANG_WARN_DIRECT_OBJC_ISA_USAGE = YES_ERROR;
				CLANG_WARN_DOCUMENTATION_COMMENTS = YES;
				CLANG_WARN_EMPTY_BODY = YES;
				CLANG_WARN_ENUM_CONVERSION = YES;
				CLANG_WARN_INFINITE_RECURSION = YES;
				CLANG_WARN_INT_CONVERSION = YES;
				CLANG_WARN_NON_LITERAL_NULL_CONVERSION = YES;
				CLANG_WARN_OBJC_IMPLICIT_RETAIN_SELF = YES;
				CLANG_WARN_OBJC_LITERAL_CONVERSION = YES;
				CLANG_WARN_OBJC_ROOT_CLASS = YES_ERROR;
				CLANG_WARN_QUOTED_INCLUDE_IN_FRAMEWORK_HEADER = YES;
				CLANG_WARN_RANGE_LOOP_ANALYSIS = YES;
				CLANG_WARN_STRICT_PROTOTYPES = YES;
				CLANG_WARN_SUSPICIOUS_MOVE = YES;
				CLANG_WARN_UNGUARDED_AVAILABILITY = YES_AGGRESSIVE;
				CLANG_WARN_UNREACHABLE_CODE = YES;
				CLANG_WARN__DUPLICATE_METHOD_MATCH = YES;
				COPY_PHASE_STRIP = NO;
				DEBUG_INFORMATION_FORMAT = dwarf;
				ENABLE_STRICT_OBJC_MSGSEND = YES;
				ENABLE_TESTABILITY = YES;
				GCC_C_LANGUAGE_STANDARD = gnu11;
				GCC_DYNAMIC_NO_PIC = NO;
				GCC_NO_COMMON_BLOCKS = YES;
				GCC_OPTIMIZATION_LEVEL = 0;
				GCC_PREPROCESSOR_DEFINITIONS = (
					"DEBUG=1",
					"$(inherited)",
				);
				GCC_WARN_64_TO_32_BIT_CONVERSION = YES;
				GCC_WARN_ABOUT_RETURN_TYPE = YES_ERROR;
				GCC_WARN_UNDECLARED_SELECTOR = YES;
				GCC_WARN_UNINITIALIZED_AUTOS = YES_AGGRESSIVE;
				GCC_WARN_UNUSED_FUNCTION = YES;
				GCC_WARN_UNUSED_VARIABLE = YES;
				MTL_ENABLE_DEBUG_INFO = INCLUDE_SOURCE;
				MTL_FAST_MATH = YES;
				ONLY_ACTIVE_ARCH = YES;
				SWIFT_ACTIVE_COMPILATION_CONDITIONS = DEBUG;
				SWIFT_OPTIMIZATION_LEVEL = "-Onone";
			};
			name = Debug;
		};
		66E94D9827460D0200585C8E /* Release */ = {
			isa = XCBuildConfiguration;
			buildSettings = {
				ALWAYS_SEARCH_USER_PATHS = NO;
				CLANG_ANALYZER_NONNULL = YES;
				CLANG_ANALYZER_NUMBER_OBJECT_CONVERSION = YES_AGGRESSIVE;
				CLANG_CXX_LANGUAGE_STANDARD = "gnu++17";
				CLANG_CXX_LIBRARY = "libc++";
				CLANG_ENABLE_MODULES = YES;
				CLANG_ENABLE_OBJC_ARC = YES;
				CLANG_ENABLE_OBJC_WEAK = YES;
				CLANG_WARN_BLOCK_CAPTURE_AUTORELEASING = YES;
				CLANG_WARN_BOOL_CONVERSION = YES;
				CLANG_WARN_COMMA = YES;
				CLANG_WARN_CONSTANT_CONVERSION = YES;
				CLANG_WARN_DEPRECATED_OBJC_IMPLEMENTATIONS = YES;
				CLANG_WARN_DIRECT_OBJC_ISA_USAGE = YES_ERROR;
				CLANG_WARN_DOCUMENTATION_COMMENTS = YES;
				CLANG_WARN_EMPTY_BODY = YES;
				CLANG_WARN_ENUM_CONVERSION = YES;
				CLANG_WARN_INFINITE_RECURSION = YES;
				CLANG_WARN_INT_CONVERSION = YES;
				CLANG_WARN_NON_LITERAL_NULL_CONVERSION = YES;
				CLANG_WARN_OBJC_IMPLICIT_RETAIN_SELF = YES;
				CLANG_WARN_OBJC_LITERAL_CONVERSION = YES;
				CLANG_WARN_OBJC_ROOT_CLASS = YES_ERROR;
				CLANG_WARN_QUOTED_INCLUDE_IN_FRAMEWORK_HEADER = YES;
				CLANG_WARN_RANGE_LOOP_ANALYSIS = YES;
				CLANG_WARN_STRICT_PROTOTYPES = YES;
				CLANG_WARN_SUSPICIOUS_MOVE = YES;
				CLANG_WARN_UNGUARDED_AVAILABILITY = YES_AGGRESSIVE;
				CLANG_WARN_UNREACHABLE_CODE = YES;
				CLANG_WARN__DUPLICATE_METHOD_MATCH = YES;
				COPY_PHASE_STRIP = NO;
				DEBUG_INFORMATION_FORMAT = "dwarf-with-dsym";
				ENABLE_NS_ASSERTIONS = NO;
				ENABLE_STRICT_OBJC_MSGSEND = YES;
				GCC_C_LANGUAGE_STANDARD = gnu11;
				GCC_NO_COMMON_BLOCKS = YES;
				GCC_WARN_64_TO_32_BIT_CONVERSION = YES;
				GCC_WARN_ABOUT_RETURN_TYPE = YES_ERROR;
				GCC_WARN_UNDECLARED_SELECTOR = YES;
				GCC_WARN_UNINITIALIZED_AUTOS = YES_AGGRESSIVE;
				GCC_WARN_UNUSED_FUNCTION = YES;
				GCC_WARN_UNUSED_VARIABLE = YES;
				MTL_ENABLE_DEBUG_INFO = NO;
				MTL_FAST_MATH = YES;
				SWIFT_COMPILATION_MODE = wholemodule;
				SWIFT_OPTIMIZATION_LEVEL = "-O";
			};
			name = Release;
		};
		66E94D9A27460D0200585C8E /* Debug */ = {
			isa = XCBuildConfiguration;
			buildSettings = {
				ASSETCATALOG_COMPILER_APPICON_NAME = AppIcon;
				ASSETCATALOG_COMPILER_GLOBAL_ACCENT_COLOR_NAME = AccentColor;
				CODE_SIGN_STYLE = Automatic;
				CURRENT_PROJECT_VERSION = 1;
				ENABLE_PREVIEWS = YES;
				GENERATE_INFOPLIST_FILE = YES;
				INFOPLIST_KEY_UIApplicationSceneManifest_Generation = YES;
				INFOPLIST_KEY_UIApplicationSupportsIndirectInputEvents = YES;
				INFOPLIST_KEY_UILaunchScreen_Generation = YES;
				INFOPLIST_KEY_UISupportedInterfaceOrientations_iPad = "UIInterfaceOrientationPortrait UIInterfaceOrientationPortraitUpsideDown UIInterfaceOrientationLandscapeLeft UIInterfaceOrientationLandscapeRight";
				INFOPLIST_KEY_UISupportedInterfaceOrientations_iPhone = "UIInterfaceOrientationPortrait UIInterfaceOrientationLandscapeLeft UIInterfaceOrientationLandscapeRight";
				IPHONEOS_DEPLOYMENT_TARGET = 15.0;
				LD_RUNPATH_SEARCH_PATHS = (
					"$(inherited)",
					"@executable_path/Frameworks",
				);
				MARKETING_VERSION = 1.0;
				PRODUCT_BUNDLE_IDENTIFIER = "Nine-Complex.TutorialApp";
				PRODUCT_NAME = TutorialApp;
				SDKROOT = iphoneos;
				SWIFT_EMIT_LOC_STRINGS = YES;
				SWIFT_VERSION = 5.0;
				TARGETED_DEVICE_FAMILY = "1,2";
			};
			name = Debug;
		};
		66E94D9B27460D0200585C8E /* Release */ = {
			isa = XCBuildConfiguration;
			buildSettings = {
				ASSETCATALOG_COMPILER_APPICON_NAME = AppIcon;
				ASSETCATALOG_COMPILER_GLOBAL_ACCENT_COLOR_NAME = AccentColor;
				CODE_SIGN_STYLE = Automatic;
				CURRENT_PROJECT_VERSION = 1;
				ENABLE_PREVIEWS = YES;
				GENERATE_INFOPLIST_FILE = YES;
				INFOPLIST_KEY_UIApplicationSceneManifest_Generation = YES;
				INFOPLIST_KEY_UIApplicationSupportsIndirectInputEvents = YES;
				INFOPLIST_KEY_UILaunchScreen_Generation = YES;
				INFOPLIST_KEY_UISupportedInterfaceOrientations_iPad = "UIInterfaceOrientationPortrait UIInterfaceOrientationPortraitUpsideDown UIInterfaceOrientationLandscapeLeft UIInterfaceOrientationLandscapeRight";
				INFOPLIST_KEY_UISupportedInterfaceOrientations_iPhone = "UIInterfaceOrientationPortrait UIInterfaceOrientationLandscapeLeft UIInterfaceOrientationLandscapeRight";
				IPHONEOS_DEPLOYMENT_TARGET = 15.0;
				LD_RUNPATH_SEARCH_PATHS = (
					"$(inherited)",
					"@executable_path/Frameworks",
				);
				MARKETING_VERSION = 1.0;
				PRODUCT_BUNDLE_IDENTIFIER = "Nine-Complex.TutorialApp";
				PRODUCT_NAME = TutorialApp;
				SDKROOT = iphoneos;
				SWIFT_EMIT_LOC_STRINGS = YES;
				SWIFT_VERSION = 5.0;
				TARGETED_DEVICE_FAMILY = "1,2";
				VALIDATE_PRODUCT = YES;
			};
			name = Release;
		};
		66E94D9D27460D0200585C8E /* Debug */ = {
			isa = XCBuildConfiguration;
			buildSettings = {
				ASSETCATALOG_COMPILER_APPICON_NAME = AppIcon;
				ASSETCATALOG_COMPILER_GLOBAL_ACCENT_COLOR_NAME = AccentColor;
				CODE_SIGN_ENTITLEMENTS = macOS/macOS.entitlements;
				CODE_SIGN_STYLE = Automatic;
				COMBINE_HIDPI_IMAGES = YES;
				CURRENT_PROJECT_VERSION = 1;
				ENABLE_PREVIEWS = YES;
				GENERATE_INFOPLIST_FILE = YES;
				INFOPLIST_KEY_NSHumanReadableCopyright = "";
				LD_RUNPATH_SEARCH_PATHS = (
					"$(inherited)",
					"@executable_path/../Frameworks",
				);
				MACOSX_DEPLOYMENT_TARGET = 12.0;
				MARKETING_VERSION = 1.0;
				PRODUCT_BUNDLE_IDENTIFIER = "Nine-Complex.TutorialApp";
				PRODUCT_NAME = TutorialApp;
				SDKROOT = macosx;
				SWIFT_EMIT_LOC_STRINGS = YES;
				SWIFT_VERSION = 5.0;
			};
			name = Debug;
		};
		66E94D9E27460D0200585C8E /* Release */ = {
			isa = XCBuildConfiguration;
			buildSettings = {
				ASSETCATALOG_COMPILER_APPICON_NAME = AppIcon;
				ASSETCATALOG_COMPILER_GLOBAL_ACCENT_COLOR_NAME = AccentColor;
				CODE_SIGN_ENTITLEMENTS = macOS/macOS.entitlements;
				CODE_SIGN_STYLE = Automatic;
				COMBINE_HIDPI_IMAGES = YES;
				CURRENT_PROJECT_VERSION = 1;
				ENABLE_PREVIEWS = YES;
				GENERATE_INFOPLIST_FILE = YES;
				INFOPLIST_KEY_NSHumanReadableCopyright = "";
				LD_RUNPATH_SEARCH_PATHS = (
					"$(inherited)",
					"@executable_path/../Frameworks",
				);
				MACOSX_DEPLOYMENT_TARGET = 12.0;
				MARKETING_VERSION = 1.0;
				PRODUCT_BUNDLE_IDENTIFIER = "Nine-Complex.TutorialApp";
				PRODUCT_NAME = TutorialApp;
				SDKROOT = macosx;
				SWIFT_EMIT_LOC_STRINGS = YES;
				SWIFT_VERSION = 5.0;
			};
			name = Release;
		};
		66E94DA027460D0200585C8E /* Debug */ = {
			isa = XCBuildConfiguration;
			buildSettings = {
				ALWAYS_EMBED_SWIFT_STANDARD_LIBRARIES = YES;
				CODE_SIGN_STYLE = Automatic;
				CURRENT_PROJECT_VERSION = 1;
				GENERATE_INFOPLIST_FILE = YES;
				IPHONEOS_DEPLOYMENT_TARGET = 15.0;
				LD_RUNPATH_SEARCH_PATHS = (
					"$(inherited)",
					"@executable_path/Frameworks",
					"@loader_path/Frameworks",
				);
				MARKETING_VERSION = 1.0;
				PRODUCT_BUNDLE_IDENTIFIER = "Nine-Complex.Tests-iOS";
				PRODUCT_NAME = "$(TARGET_NAME)";
				SDKROOT = iphoneos;
				SWIFT_EMIT_LOC_STRINGS = NO;
				SWIFT_VERSION = 5.0;
				TARGETED_DEVICE_FAMILY = "1,2";
				TEST_TARGET_NAME = "TutorialApp (iOS)";
			};
			name = Debug;
		};
		66E94DA127460D0200585C8E /* Release */ = {
			isa = XCBuildConfiguration;
			buildSettings = {
				ALWAYS_EMBED_SWIFT_STANDARD_LIBRARIES = YES;
				CODE_SIGN_STYLE = Automatic;
				CURRENT_PROJECT_VERSION = 1;
				GENERATE_INFOPLIST_FILE = YES;
				IPHONEOS_DEPLOYMENT_TARGET = 15.0;
				LD_RUNPATH_SEARCH_PATHS = (
					"$(inherited)",
					"@executable_path/Frameworks",
					"@loader_path/Frameworks",
				);
				MARKETING_VERSION = 1.0;
				PRODUCT_BUNDLE_IDENTIFIER = "Nine-Complex.Tests-iOS";
				PRODUCT_NAME = "$(TARGET_NAME)";
				SDKROOT = iphoneos;
				SWIFT_EMIT_LOC_STRINGS = NO;
				SWIFT_VERSION = 5.0;
				TARGETED_DEVICE_FAMILY = "1,2";
				TEST_TARGET_NAME = "TutorialApp (iOS)";
				VALIDATE_PRODUCT = YES;
			};
			name = Release;
		};
		66E94DA327460D0200585C8E /* Debug */ = {
			isa = XCBuildConfiguration;
			buildSettings = {
				ALWAYS_EMBED_SWIFT_STANDARD_LIBRARIES = YES;
				CODE_SIGN_STYLE = Automatic;
				COMBINE_HIDPI_IMAGES = YES;
				CURRENT_PROJECT_VERSION = 1;
				GENERATE_INFOPLIST_FILE = YES;
				LD_RUNPATH_SEARCH_PATHS = (
					"$(inherited)",
					"@executable_path/../Frameworks",
					"@loader_path/../Frameworks",
				);
				MACOSX_DEPLOYMENT_TARGET = 12.0;
				MARKETING_VERSION = 1.0;
				PRODUCT_BUNDLE_IDENTIFIER = "Nine-Complex.Tests-macOS";
				PRODUCT_NAME = "$(TARGET_NAME)";
				SDKROOT = macosx;
				SWIFT_EMIT_LOC_STRINGS = NO;
				SWIFT_VERSION = 5.0;
				TEST_TARGET_NAME = "TutorialApp (macOS)";
			};
			name = Debug;
		};
		66E94DA427460D0200585C8E /* Release */ = {
			isa = XCBuildConfiguration;
			buildSettings = {
				ALWAYS_EMBED_SWIFT_STANDARD_LIBRARIES = YES;
				CODE_SIGN_STYLE = Automatic;
				COMBINE_HIDPI_IMAGES = YES;
				CURRENT_PROJECT_VERSION = 1;
				GENERATE_INFOPLIST_FILE = YES;
				LD_RUNPATH_SEARCH_PATHS = (
					"$(inherited)",
					"@executable_path/../Frameworks",
					"@loader_path/../Frameworks",
				);
				MACOSX_DEPLOYMENT_TARGET = 12.0;
				MARKETING_VERSION = 1.0;
				PRODUCT_BUNDLE_IDENTIFIER = "Nine-Complex.Tests-macOS";
				PRODUCT_NAME = "$(TARGET_NAME)";
				SDKROOT = macosx;
				SWIFT_EMIT_LOC_STRINGS = NO;
				SWIFT_VERSION = 5.0;
				TEST_TARGET_NAME = "TutorialApp (macOS)";
			};
			name = Release;
		};
/* End XCBuildConfiguration section */

/* Begin XCConfigurationList section */
		66E94D6727460CFF00585C8E /* Build configuration list for PBXProject "TutorialApp" */ = {
			isa = XCConfigurationList;
			buildConfigurations = (
				66E94D9727460D0200585C8E /* Debug */,
				66E94D9827460D0200585C8E /* Release */,
			);
			defaultConfigurationIsVisible = 0;
			defaultConfigurationName = Release;
		};
		66E94D9927460D0200585C8E /* Build configuration list for PBXNativeTarget "TutorialApp (iOS)" */ = {
			isa = XCConfigurationList;
			buildConfigurations = (
				66E94D9A27460D0200585C8E /* Debug */,
				66E94D9B27460D0200585C8E /* Release */,
			);
			defaultConfigurationIsVisible = 0;
			defaultConfigurationName = Release;
		};
		66E94D9C27460D0200585C8E /* Build configuration list for PBXNativeTarget "TutorialApp (macOS)" */ = {
			isa = XCConfigurationList;
			buildConfigurations = (
				66E94D9D27460D0200585C8E /* Debug */,
				66E94D9E27460D0200585C8E /* Release */,
			);
			defaultConfigurationIsVisible = 0;
			defaultConfigurationName = Release;
		};
		66E94D9F27460D0200585C8E /* Build configuration list for PBXNativeTarget "Tests iOS" */ = {
			isa = XCConfigurationList;
			buildConfigurations = (
				66E94DA027460D0200585C8E /* Debug */,
				66E94DA127460D0200585C8E /* Release */,
			);
			defaultConfigurationIsVisible = 0;
			defaultConfigurationName = Release;
		};
		66E94DA227460D0200585C8E /* Build configuration list for PBXNativeTarget "Tests macOS" */ = {
			isa = XCConfigurationList;
			buildConfigurations = (
				66E94DA327460D0200585C8E /* Debug */,
				66E94DA427460D0200585C8E /* Release */,
			);
			defaultConfigurationIsVisible = 0;
			defaultConfigurationName = Release;
		};
/* End XCConfigurationList section */
	};
	rootObject = 66E94D6427460CFF00585C8E /* Project object */;
}
